
Microsoft Visual Studio Solution File, Format Version 12.00
# Visual Studio 2012
Project("{FAE04EC0-301F-11D3-BF4B-00C04F79EFBC}") = "TacT", "TacT\TacT.csproj", "{FEA8C728-D981-4F84-9F3B-A4E38A37702F}"
EndProject
Global
	GlobalSection(SolutionConfigurationPlatforms) = preSolution
		Debug|Any CPU = Debug|Any CPU
		Release|Any CPU = Release|Any CPU
	EndGlobalSection
	GlobalSection(ProjectConfigurationPlatforms) = postSolution
		{FEA8C728-D981-4F84-9F3B-A4E38A37702F}.Debug|Any CPU.ActiveCfg = Debug|Any CPU
		{FEA8C728-D981-4F84-9F3B-A4E38A37702F}.Debug|Any CPU.Build.0 = Debug|Any CPU
		{FEA8C728-D981-4F84-9F3B-A4E38A37702F}.Release|Any CPU.ActiveCfg = Release|Any CPU
		{FEA8C728-D981-4F84-9F3B-A4E38A37702F}.Release|Any CPU.Build.0 = Release|Any CPU
	EndGlobalSection
	GlobalSection(SolutionProperties) = preSolution
		HideSolutionNode = FALSE
	EndGlobalSection
EndGlobal
